GEM
  remote: http://rubygems.org/
  specs:
    algorithms (0.5.0)
    bzip2-ruby (0.2.7)
    domain_name (0.5.3)
      unf (~> 0.0.3)
    libxml-ruby (2.3.2)
    mechanize (2.5.1)
      domain_name (~> 0.5, >= 0.5.1)
      mime-types (~> 1.17, >= 1.17.2)
      net-http-digest_auth (~> 1.1, >= 1.1.1)
      net-http-persistent (~> 2.5, >= 2.5.2)
      nokogiri (~> 1.4)
      ntlm-http (~> 0.1, >= 0.1.1)
      webrobots (~> 0.0, >= 0.0.9)
    mime-types (1.19)
    net-http-digest_auth (1.2.1)
    net-http-persistent (2.7)
    nokogiri (1.5.4)
    ntlm-http (0.1.1)
    oauth (0.4.6)
    pg (0.14.0)
    text (1.0.3)
    unf (0.0.5)
      unf_ext
    unf_ext (0.0.5)
    webrobots (0.0.13)

PLATFORMS
  ruby

DEPENDENCIES
  algorithms
  bzip2-ruby
  libxml-ruby
  mechanize
  oauth
  pg
  text
